// !$*UTF8*$!
{
	archiveVersion = 1;
	classes = {
	};
	objectVersion = 50;
	objects = {

/* Begin PBXBuildFile section */
		83CAA466266F187A001C07F8 /* AppDelegate.swift in Sources */ = {isa = PBXBuildFile; fileRef = 83CAA465266F187A001C07F8 /* AppDelegate.swift */; };
		83CAA468266F187A001C07F8 /* SceneDelegate.swift in Sources */ = {isa = PBXBuildFile; fileRef = 83CAA467266F187A001C07F8 /* SceneDelegate.swift */; };
		83CAA46A266F187A001C07F8 /* ViewController.swift in Sources */ = {isa = PBXBuildFile; fileRef = 83CAA469266F187A001C07F8 /* ViewController.swift */; };
		83CAA46D266F187A001C07F8 /* Main.storyboard in Resources */ = {isa = PBXBuildFile; fileRef = 83CAA46B266F187A001C07F8 /* Main.storyboard */; };
		83CAA46F266F187B001C07F8 /* Assets.xcassets in Resources */ = {isa = PBXBuildFile; fileRef = 83CAA46E266F187B001C07F8 /* Assets.xcassets */; };
		83CAA472266F187B001C07F8 /* LaunchScreen.storyboard in Resources */ = {isa = PBXBuildFile; fileRef = 83CAA470266F187B001C07F8 /* LaunchScreen.storyboard */; };
		83CAA47D266F187B001C07F8 /* ButtonRepositionTests.swift in Sources */ = {isa = PBXBuildFile; fileRef = 83CAA47C266F187B001C07F8 /* ButtonRepositionTests.swift */; };
		83CAA488266F187B001C07F8 /* ButtonRepositionUITests.swift in Sources */ = {isa = PBXBuildFile; fileRef = 83CAA487266F187B001C07F8 /* ButtonRepositionUITests.swift */; };
/* End PBXBuildFile section */

/* Begin PBXContainerItemProxy section */
		83CAA479266F187B001C07F8 /* PBXContainerItemProxy */ = {
			isa = PBXContainerItemProxy;
			containerPortal = 83CAA45A266F187A001C07F8 /* Project object */;
			proxyType = 1;
			remoteGlobalIDString = 83CAA461266F187A001C07F8;
			remoteInfo = ButtonReposition;
		};
		83CAA484266F187B001C07F8 /* PBXContainerItemProxy */ = {
			isa = PBXContainerItemProxy;
			containerPortal = 83CAA45A266F187A001C07F8 /* Project object */;
			proxyType = 1;
			remoteGlobalIDString = 83CAA461266F187A001C07F8;
			remoteInfo = ButtonReposition;
		};
/* End PBXContainerItemProxy section */

/* Begin PBXFileReference section */
		83CAA462266F187A001C07F8 /* ButtonReposition.app */ = {isa = PBXFileReference; explicitFileType = wrapper.application; includeInIndex = 0; path = ButtonReposition.app; sourceTree = BUILT_PRODUCTS_DIR; };
		83CAA465266F187A001C07F8 /* AppDelegate.swift */ = {isa = PBXFileReference; lastKnownFileType = sourcecode.swift; path = AppDelegate.swift; sourceTree = "<group>"; };
		83CAA467266F187A001C07F8 /* SceneDelegate.swift */ = {isa = PBXFileReference; lastKnownFileType = sourcecode.swift; path = SceneDelegate.swift; sourceTree = "<group>"; };
		83CAA469266F187A001C07F8 /* ViewController.swift */ = {isa = PBXFileReference; lastKnownFileType = sourcecode.swift; path = ViewController.swift; sourceTree = "<group>"; };
		83CAA46C266F187A001C07F8 /* Base */ = {isa = PBXFileReference; lastKnownFileType = file.storyboard; name = Base; path = Base.lproj/Main.storyboard; sourceTree = "<group>"; };
		83CAA46E266F187B001C07F8 /* Assets.xcassets */ = {isa = PBXFileReference; lastKnownFileType = folder.assetcatalog; path = Assets.xcassets; sourceTree = "<group>"; };
		83CAA471266F187B001C07F8 /* Base */ = {isa = PBXFileReference; lastKnownFileType = file.storyboard; name = Base; path = Base.lproj/LaunchScreen.storyboard; sourceTree = "<group>"; };
		83CAA473266F187B001C07F8 /* Info.plist */ = {isa = PBXFileReference; lastKnownFileType = text.plist.xml; path = Info.plist; sourceTree = "<group>"; };
		83CAA478266F187B001C07F8 /* ButtonRepositionTests.xctest */ = {isa = PBXFileReference; explicitFileType = wrapper.cfbundle; includeInIndex = 0; path = ButtonRepositionTests.xctest; sourceTree = BUILT_PRODUCTS_DIR; };
		83CAA47C266F187B001C07F8 /* ButtonRepositionTests.swift */ = {isa = PBXFileReference; lastKnownFileType = sourcecode.swift; path = ButtonRepositionTests.swift; sourceTree = "<group>"; };
		83CAA47E266F187B001C07F8 /* Info.plist */ = {isa = PBXFileReference; lastKnownFileType = text.plist.xml; path = Info.plist; sourceTree = "<group>"; };
		83CAA483266F187B001C07F8 /* ButtonRepositionUITests.xctest */ = {isa = PBXFileReference; explicitFileType = wrapper.cfbundle; includeInIndex = 0; path = ButtonRepositionUITests.xctest; sourceTree = BUILT_PRODUCTS_DIR; };
		83CAA487266F187B001C07F8 /* ButtonRepositionUITests.swift */ = {isa = PBXFileReference; lastKnownFileType = sourcecode.swift; path = ButtonRepositionUITests.swift; sourceTree = "<group>"; };
		83CAA489266F187B001C07F8 /* Info.plist */ = {isa = PBXFileReference; lastKnownFileType = text.plist.xml; path = Info.plist; sourceTree = "<group>"; };
/* End PBXFileReference section */

/* Begin PBXFrameworksBuildPhase section */
		83CAA45F266F187A001C07F8 /* Frameworks */ = {
			isa = PBXFrameworksBuildPhase;
			buildActionMask = 2147483647;
			files = (
			);
			runOnlyForDeploymentPostprocessing = 0;
		};
		83CAA475266F187B001C07F8 /* Frameworks */ = {
			isa = PBXFrameworksBuildPhase;
			buildActionMask = 2147483647;
			files = (
			);
			runOnlyForDeploymentPostprocessing = 0;
		};
		83CAA480266F187B001C07F8 /* Frameworks */ = {
			isa = PBXFrameworksBuildPhase;
			buildActionMask = 2147483647;
			files = (
			);
			runOnlyForDeploymentPostprocessing = 0;
		};
/* End PBXFrameworksBuildPhase section */

/* Begin PBXGroup section */
		83CAA459266F187A001C07F8 = {
			isa = PBXGroup;
			children = (
				83CAA464266F187A001C07F8 /* ButtonReposition */,
				83CAA47B266F187B001C07F8 /* ButtonRepositionTests */,
				83CAA486266F187B001C07F8 /* ButtonRepositionUITests */,
				83CAA463266F187A001C07F8 /* Products */,
			);
			sourceTree = "<group>";
		};
		83CAA463266F187A001C07F8 /* Products */ = {
			isa = PBXGroup;
			children = (
				83CAA462266F187A001C07F8 /* ButtonReposition.app */,
				83CAA478266F187B001C07F8 /* ButtonRepositionTests.xctest */,
				83CAA483266F187B001C07F8 /* ButtonRepositionUITests.xctest */,
			);
			name = Products;
			sourceTree = "<group>";
		};
		83CAA464266F187A001C07F8 /* ButtonReposition */ = {
			isa = PBXGroup;
			children = (
				83CAA465266F187A001C07F8 /* AppDelegate.swift */,
				83CAA467266F187A001C07F8 /* SceneDelegate.swift */,
				83CAA469266F187A001C07F8 /* ViewController.swift */,
				83CAA46B266F187A001C07F8 /* Main.storyboard */,
				83CAA46E266F187B001C07F8 /* Assets.xcassets */,
				83CAA470266F187B001C07F8 /* LaunchScreen.storyboard */,
				83CAA473266F187B001C07F8 /* Info.plist */,
			);
			path = ButtonReposition;
			sourceTree = "<group>";
		};
		83CAA47B266F187B001C07F8 /* ButtonRepositionTests */ = {
			isa = PBXGroup;
			children = (
				83CAA47C266F187B001C07F8 /* ButtonRepositionTests.swift */,
				83CAA47E266F187B001C07F8 /* Info.plist */,
			);
			path = ButtonRepositionTests;
			sourceTree = "<group>";
		};
		83CAA486266F187B001C07F8 /* ButtonRepositionUITests */ = {
			isa = PBXGroup;
			children = (
				83CAA487266F187B001C07F8 /* ButtonRepositionUITests.swift */,
				83CAA489266F187B001C07F8 /* Info.plist */,
			);
			path = ButtonRepositionUITests;
			sourceTree = "<group>";
		};
/* End PBXGroup section */

/* Begin PBXNativeTarget section */
		83CAA461266F187A001C07F8 /* ButtonReposition */ = {
			isa = PBXNativeTarget;
			buildConfigurationList = 83CAA48C266F187B001C07F8 /* Build configuration list for PBXNativeTarget "ButtonReposition" */;
			buildPhases = (
				83CAA45E266F187A001C07F8 /* Sources */,
				83CAA45F266F187A001C07F8 /* Frameworks */,
				83CAA460266F187A001C07F8 /* Resources */,
			);
			buildRules = (
			);
			dependencies = (
			);
			name = ButtonReposition;
			productName = ButtonReposition;
			productReference = 83CAA462266F187A001C07F8 /* ButtonReposition.app */;
			productType = "com.apple.product-type.application";
		};
		83CAA477266F187B001C07F8 /* ButtonRepositionTests */ = {
			isa = PBXNativeTarget;
			buildConfigurationList = 83CAA48F266F187B001C07F8 /* Build configuration list for PBXNativeTarget "ButtonRepositionTests" */;
			buildPhases = (
				83CAA474266F187B001C07F8 /* Sources */,
				83CAA475266F187B001C07F8 /* Frameworks */,
				83CAA476266F187B001C07F8 /* Resources */,
			);
			buildRules = (
			);
			dependencies = (
				83CAA47A266F187B001C07F8 /* PBXTargetDependency */,
			);
			name = ButtonRepositionTests;
			productName = ButtonRepositionTests;
			productReference = 83CAA478266F187B001C07F8 /* ButtonRepositionTests.xctest */;
			productType = "com.apple.product-type.bundle.unit-test";
		};
		83CAA482266F187B001C07F8 /* ButtonRepositionUITests */ = {
			isa = PBXNativeTarget;
			buildConfigurationList = 83CAA492266F187B001C07F8 /* Build configuration list for PBXNativeTarget "ButtonRepositionUITests" */;
			buildPhases = (
				83CAA47F266F187B001C07F8 /* Sources */,
				83CAA480266F187B001C07F8 /* Frameworks */,
				83CAA481266F187B001C07F8 /* Resources */,
			);
			buildRules = (
			);
			dependencies = (
				83CAA485266F187B001C07F8 /* PBXTargetDependency */,
			);
			name = ButtonRepositionUITests;
			productName = ButtonRepositionUITests;
			productReference = 83CAA483266F187B001C07F8 /* ButtonRepositionUITests.xctest */;
			productType = "com.apple.product-type.bundle.ui-testing";
		};
/* End PBXNativeTarget section */

/* Begin PBXProject section */
		83CAA45A266F187A001C07F8 /* Project object */ = {
			isa = PBXProject;
			attributes = {
				LastSwiftUpdateCheck = 1250;
				LastUpgradeCheck = 1250;
				TargetAttributes = {
					83CAA461266F187A001C07F8 = {
						CreatedOnToolsVersion = 12.5;
					};
					83CAA477266F187B001C07F8 = {
						CreatedOnToolsVersion = 12.5;
						TestTargetID = 83CAA461266F187A001C07F8;
					};
					83CAA482266F187B001C07F8 = {
						CreatedOnToolsVersion = 12.5;
						TestTargetID = 83CAA461266F187A001C07F8;
					};
				};
			};
			buildConfigurationList = 83CAA45D266F187A001C07F8 /* Build configuration list for PBXProject "ButtonReposition" */;
			compatibilityVersion = "Xcode 9.3";
			developmentRegion = en;
			hasScannedForEncodings = 0;
			knownRegions = (
				en,
				Base,
			);
			mainGroup = 83CAA459266F187A001C07F8;
			productRefGroup = 83CAA463266F187A001C07F8 /* Products */;
			projectDirPath = "";
			projectRoot = "";
			targets = (
				83CAA461266F187A001C07F8 /* ButtonReposition */,
				83CAA477266F187B001C07F8 /* ButtonRepositionTests */,
				83CAA482266F187B001C07F8 /* ButtonRepositionUITests */,
			);
		};
/* End PBXProject section */

/* Begin PBXResourcesBuildPhase section */
		83CAA460266F187A001C07F8 /* Resources */ = {
			isa = PBXResourcesBuildPhase;
			buildActionMask = 2147483647;
			files = (
				83CAA472266F187B001C07F8 /* LaunchScreen.storyboard in Resources */,
				83CAA46F266F187B001C07F8 /* Assets.xcassets in Resources */,
				83CAA46D266F187A001C07F8 /* Main.storyboard in Resources */,
			);
			runOnlyForDeploymentPostprocessing = 0;
		};
		83CAA476266F187B001C07F8 /* Resources */ = {
			isa = PBXResourcesBuildPhase;
			buildActionMask = 2147483647;
			files = (
			);
			runOnlyForDeploymentPostprocessing = 0;
		};
		83CAA481266F187B001C07F8 /* Resources */ = {
			isa = PBXResourcesBuildPhase;
			buildActionMask = 2147483647;
			files = (
			);
			runOnlyForDeploymentPostprocessing = 0;
		};
/* End PBXResourcesBuildPhase section */

/* Begin PBXSourcesBuildPhase section */
		83CAA45E266F187A001C07F8 /* Sources */ = {
			isa = PBXSourcesBuildPhase;
			buildActionMask = 2147483647;
			files = (
				83CAA46A266F187A001C07F8 /* ViewController.swift in Sources */,
				83CAA466266F187A001C07F8 /* AppDelegate.swift in Sources */,
				83CAA468266F187A001C07F8 /* SceneDelegate.swift in Sources */,
			);
			runOnlyForDeploymentPostprocessing = 0;
		};
		83CAA474266F187B001C07F8 /* Sources */ = {
			isa = PBXSourcesBuildPhase;
			buildActionMask = 2147483647;
			files = (
				83CAA47D266F187B001C07F8 /* ButtonRepositionTests.swift in Sources */,
			);
			runOnlyForDeploymentPostprocessing = 0;
		};
		83CAA47F266F187B001C07F8 /* Sources */ = {
			isa = PBXSourcesBuildPhase;
			buildActionMask = 2147483647;
			files = (
				83CAA488266F187B001C07F8 /* ButtonRepositionUITests.swift in Sources */,
			);
			runOnlyForDeploymentPostprocessing = 0;
		};
/* End PBXSourcesBuildPhase section */

/* Begin PBXTargetDependency section */
		83CAA47A266F187B001C07F8 /* PBXTargetDependency */ = {
			isa = PBXTargetDependency;
			target = 83CAA461266F187A001C07F8 /* ButtonReposition */;
			targetProxy = 83CAA479266F187B001C07F8 /* PBXContainerItemProxy */;
		};
		83CAA485266F187B001C07F8 /* PBXTargetDependency */ = {
			isa = PBXTargetDependency;
			target = 83CAA461266F187A001C07F8 /* ButtonReposition */;
			targetProxy = 83CAA484266F187B001C07F8 /* PBXContainerItemProxy */;
		};
/* End PBXTargetDependency section */

/* Begin PBXVariantGroup section */
		83CAA46B266F187A001C07F8 /* Main.storyboard */ = {
			isa = PBXVariantGroup;
			children = (
				83CAA46C266F187A001C07F8 /* Base */,
			);
			name = Main.storyboard;
			sourceTree = "<group>";
		};
		83CAA470266F187B001C07F8 /* LaunchScreen.storyboard */ = {
			isa = PBXVariantGroup;
			children = (
				83CAA471266F187B001C07F8 /* Base */,
			);
			name = LaunchScreen.storyboard;
			sourceTree = "<group>";
		};
/* End PBXVariantGroup section */

/* Begin XCBuildConfiguration section */
		83CAA48A266F187B001C07F8 /* Debug */ = {
			isa = XCBuildConfiguration;
			buildSettings = {
				ALWAYS_SEARCH_USER_PATHS = NO;
				CLANG_ANALYZER_NONNULL = YES;
				CLANG_ANALYZER_NUMBER_OBJECT_CONVERSION = YES_AGGRESSIVE;
				CLANG_CXX_LANGUAGE_STANDARD = "gnu++14";
				CLANG_CXX_LIBRARY = "libc++";
				CLANG_ENABLE_MODULES = YES;
				CLANG_ENABLE_OBJC_ARC = YES;
				CLANG_ENABLE_OBJC_WEAK = YES;
				CLANG_WARN_BLOCK_CAPTURE_AUTORELEASING = YES;
				CLANG_WARN_BOOL_CONVERSION = YES;
				CLANG_WARN_COMMA = YES;
				CLANG_WARN_CONSTANT_CONVERSION = YES;
				CLANG_WARN_DEPRECATED_OBJC_IMPLEMENTATIONS = YES;
				CLANG_WARN_DIRECT_OBJC_ISA_USAGE = YES_ERROR;
				CLANG_WARN_DOCUMENTATION_COMMENTS = YES;
				CLANG_WARN_EMPTY_BODY = YES;
				CLANG_WARN_ENUM_CONVERSION = YES;
				CLANG_WARN_INFINITE_RECURSION = YES;
				CLANG_WARN_INT_CONVERSION = YES;
				CLANG_WARN_NON_LITERAL_NULL_CONVERSION = YES;
				CLANG_WARN_OBJC_IMPLICIT_RETAIN_SELF = YES;
				CLANG_WARN_OBJC_LITERAL_CONVERSION = YES;
				CLANG_WARN_OBJC_ROOT_CLASS = YES_ERROR;
				CLANG_WARN_QUOTED_INCLUDE_IN_FRAMEWORK_HEADER = YES;
				CLANG_WARN_RANGE_LOOP_ANALYSIS = YES;
				CLANG_WARN_STRICT_PROTOTYPES = YES;
				CLANG_WARN_SUSPICIOUS_MOVE = YES;
				CLANG_WARN_UNGUARDED_AVAILABILITY = YES_AGGRESSIVE;
				CLANG_WARN_UNREACHABLE_CODE = YES;
				CLANG_WARN__DUPLICATE_METHOD_MATCH = YES;
				COPY_PHASE_STRIP = NO;
				DEBUG_INFORMATION_FORMAT = dwarf;
				ENABLE_STRICT_OBJC_MSGSEND = YES;
				ENABLE_TESTABILITY = YES;
				GCC_C_LANGUAGE_STANDARD = gnu11;
				GCC_DYNAMIC_NO_PIC = NO;
				GCC_NO_COMMON_BLOCKS = YES;
				GCC_OPTIMIZATION_LEVEL = 0;
				GCC_PREPROCESSOR_DEFINITIONS = (
					"DEBUG=1",
					"$(inherited)",
				);
				GCC_WARN_64_TO_32_BIT_CONVERSION = YES;
				GCC_WARN_ABOUT_RETURN_TYPE = YES_ERROR;
				GCC_WARN_UNDECLARED_SELECTOR = YES;
				GCC_WARN_UNINITIALIZED_AUTOS = YES_AGGRESSIVE;
				GCC_WARN_UNUSED_FUNCTION = YES;
				GCC_WARN_UNUSED_VARIABLE = YES;
				IPHONEOS_DEPLOYMENT_TARGET = 14.5;
				MTL_ENABLE_DEBUG_INFO = INCLUDE_SOURCE;
				MTL_FAST_MATH = YES;
				ONLY_ACTIVE_ARCH = YES;
				SDKROOT = iphoneos;
				SWIFT_ACTIVE_COMPILATION_CONDITIONS = DEBUG;
				SWIFT_OPTIMIZATION_LEVEL = "-Onone";
			};
			name = Debug;
		};
		83CAA48B266F187B001C07F8 /* Release */ = {
			isa = XCBuildConfiguration;
			buildSettings = {
				ALWAYS_SEARCH_USER_PATHS = NO;
				CLANG_ANALYZER_NONNULL = YES;
				CLANG_ANALYZER_NUMBER_OBJECT_CONVERSION = YES_AGGRESSIVE;
				CLANG_CXX_LANGUAGE_STANDARD = "gnu++14";
				CLANG_CXX_LIBRARY = "libc++";
				CLANG_ENABLE_MODULES = YES;
				CLANG_ENABLE_OBJC_ARC = YES;
				CLANG_ENABLE_OBJC_WEAK = YES;
				CLANG_WARN_BLOCK_CAPTURE_AUTORELEASING = YES;
				CLANG_WARN_BOOL_CONVERSION = YES;
				CLANG_WARN_COMMA = YES;
				CLANG_WARN_CONSTANT_CONVERSION = YES;
				CLANG_WARN_DEPRECATED_OBJC_IMPLEMENTATIONS = YES;
				CLANG_WARN_DIRECT_OBJC_ISA_USAGE = YES_ERROR;
				CLANG_WARN_DOCUMENTATION_COMMENTS = YES;
				CLANG_WARN_EMPTY_BODY = YES;
				CLANG_WARN_ENUM_CONVERSION = YES;
				CLANG_WARN_INFINITE_RECURSION = YES;
				CLANG_WARN_INT_CONVERSION = YES;
				CLANG_WARN_NON_LITERAL_NULL_CONVERSION = YES;
				CLANG_WARN_OBJC_IMPLICIT_RETAIN_SELF = YES;
				CLANG_WARN_OBJC_LITERAL_CONVERSION = YES;
				CLANG_WARN_OBJC_ROOT_CLASS = YES_ERROR;
				CLANG_WARN_QUOTED_INCLUDE_IN_FRAMEWORK_HEADER = YES;
				CLANG_WARN_RANGE_LOOP_ANALYSIS = YES;
				CLANG_WARN_STRICT_PROTOTYPES = YES;
				CLANG_WARN_SUSPICIOUS_MOVE = YES;
				CLANG_WARN_UNGUARDED_AVAILABILITY = YES_AGGRESSIVE;
				CLANG_WARN_UNREACHABLE_CODE = YES;
				CLANG_WARN__DUPLICATE_METHOD_MATCH = YES;
				COPY_PHASE_STRIP = NO;
				DEBUG_INFORMATION_FORMAT = "dwarf-with-dsym";
				ENABLE_NS_ASSERTIONS = NO;
				ENABLE_STRICT_OBJC_MSGSEND = YES;
				GCC_C_LANGUAGE_STANDARD = gnu11;
				GCC_NO_COMMON_BLOCKS = YES;
				GCC_WARN_64_TO_32_BIT_CONVERSION = YES;
				GCC_WARN_ABOUT_RETURN_TYPE = YES_ERROR;
				GCC_WARN_UNDECLARED_SELECTOR = YES;
				GCC_WARN_UNINITIALIZED_AUTOS = YES_AGGRESSIVE;
				GCC_WARN_UNUSED_FUNCTION = YES;
				GCC_WARN_UNUSED_VARIABLE = YES;
				IPHONEOS_DEPLOYMENT_TARGET = 14.5;
				MTL_ENABLE_DEBUG_INFO = NO;
				MTL_FAST_MATH = YES;
				SDKROOT = iphoneos;
				SWIFT_COMPILATION_MODE = wholemodule;
				SWIFT_OPTIMIZATION_LEVEL = "-O";
				VALIDATE_PRODUCT = YES;
			};
			name = Release;
		};
		83CAA48D266F187B001C07F8 /* Debug */ = {
			isa = XCBuildConfiguration;
			buildSettings = {
				ASSETCATALOG_COMPILER_APPICON_NAME = AppIcon;
				ASSETCATALOG_COMPILER_GLOBAL_ACCENT_COLOR_NAME = AccentColor;
				CODE_SIGN_STYLE = Automatic;
				INFOPLIST_FILE = ButtonReposition/Info.plist;
				LD_RUNPATH_SEARCH_PATHS = (
					"$(inherited)",
					"@executable_path/Frameworks",
				);
				PRODUCT_BUNDLE_IDENTIFIER = sangita.ButtonReposition;
				PRODUCT_NAME = "$(TARGET_NAME)";
				SWIFT_VERSION = 5.0;
				TARGETED_DEVICE_FAMILY = "1,2";
			};
			name = Debug;
		};
		83CAA48E266F187B001C07F8 /* Release */ = {
			isa = XCBuildConfiguration;
			buildSettings = {
				ASSETCATALOG_COMPILER_APPICON_NAME = AppIcon;
				ASSETCATALOG_COMPILER_GLOBAL_ACCENT_COLOR_NAME = AccentColor;
				CODE_SIGN_STYLE = Automatic;
				INFOPLIST_FILE = ButtonReposition/Info.plist;
				LD_RUNPATH_SEARCH_PATHS = (
					"$(inherited)",
					"@executable_path/Frameworks",
				);
				PRODUCT_BUNDLE_IDENTIFIER = sangita.ButtonReposition;
				PRODUCT_NAME = "$(TARGET_NAME)";
				SWIFT_VERSION = 5.0;
				TARGETED_DEVICE_FAMILY = "1,2";
			};
			name = Release;
		};
		83CAA490266F187B001C07F8 /* Debug */ = {
			isa = XCBuildConfiguration;
			buildSettings = {
				ALWAYS_EMBED_SWIFT_STANDARD_LIBRARIES = YES;
				BUNDLE_LOADER = "$(TEST_HOST)";
				CODE_SIGN_STYLE = Automatic;
				INFOPLIST_FILE = ButtonRepositionTests/Info.plist;
				IPHONEOS_DEPLOYMENT_TARGET = 14.5;
				LD_RUNPATH_SEARCH_PATHS = (
					"$(inherited)",
					"@executable_path/Frameworks",
					"@loader_path/Frameworks",
				);
				PRODUCT_BUNDLE_IDENTIFIER = sangita.ButtonRepositionTests;
				PRODUCT_NAME = "$(TARGET_NAME)";
				SWIFT_VERSION = 5.0;
				TARGETED_DEVICE_FAMILY = "1,2";
				TEST_HOST = "$(BUILT_PRODUCTS_DIR)/ButtonReposition.app/ButtonReposition";
			};
			name = Debug;
		};
		83CAA491266F187B001C07F8 /* Release */ = {
			isa = XCBuildConfiguration;
			buildSettings = {
				ALWAYS_EMBED_SWIFT_STANDARD_LIBRARIES = YES;
				BUNDLE_LOADER = "$(TEST_HOST)";
				CODE_SIGN_STYLE = Automatic;
				INFOPLIST_FILE = ButtonRepositionTests/Info.plist;
				IPHONEOS_DEPLOYMENT_TARGET = 14.5;
				LD_RUNPATH_SEARCH_PATHS = (
					"$(inherited)",
					"@executable_path/Frameworks",
					"@loader_path/Frameworks",
				);
				PRODUCT_BUNDLE_IDENTIFIER = sangita.ButtonRepositionTests;
				PRODUCT_NAME = "$(TARGET_NAME)";
				SWIFT_VERSION = 5.0;
				TARGETED_DEVICE_FAMILY = "1,2";
				TEST_HOST = "$(BUILT_PRODUCTS_DIR)/ButtonReposition.app/ButtonReposition";
			};
			name = Release;
		};
		83CAA493266F187B001C07F8 /* Debug */ = {
			isa = XCBuildConfiguration;
			buildSettings = {
				ALWAYS_EMBED_SWIFT_STANDARD_LIBRARIES = YES;
				CODE_SIGN_STYLE = Automatic;
				INFOPLIST_FILE = ButtonRepositionUITests/Info.plist;
				LD_RUNPATH_SEARCH_PATHS = (
					"$(inherited)",
					"@executable_path/Frameworks",
					"@loader_path/Frameworks",
				);
				PRODUCT_BUNDLE_IDENTIFIER = sangita.ButtonRepositionUITests;
				PRODUCT_NAME = "$(TARGET_NAME)";
				SWIFT_VERSION = 5.0;
				TARGETED_DEVICE_FAMILY = "1,2";
				TEST_TARGET_NAME = ButtonReposition;
			};
			name = Debug;
		};
		83CAA494266F187B001C07F8 /* Release */ = {
			isa = XCBuildConfiguration;
			buildSettings = {
				ALWAYS_EMBED_SWIFT_STANDARD_LIBRARIES = YES;
				CODE_SIGN_STYLE = Automatic;
				INFOPLIST_FILE = ButtonRepositionUITests/Info.plist;
				LD_RUNPATH_SEARCH_PATHS = (
					"$(inherited)",
					"@executable_path/Frameworks",
					"@loader_path/Frameworks",
				);
				PRODUCT_BUNDLE_IDENTIFIER = sangita.ButtonRepositionUITests;
				PRODUCT_NAME = "$(TARGET_NAME)";
				SWIFT_VERSION = 5.0;
				TARGETED_DEVICE_FAMILY = "1,2";
				TEST_TARGET_NAME = ButtonReposition;
			};
			name = Release;
		};
/* End XCBuildConfiguration section */

/* Begin XCConfigurationList section */
		83CAA45D266F187A001C07F8 /* Build configuration list for PBXProject "ButtonReposition" */ = {
			isa = XCConfigurationList;
			buildConfigurations = (
				83CAA48A266F187B001C07F8 /* Debug */,
				83CAA48B266F187B001C07F8 /* Release */,
			);
			defaultConfigurationIsVisible = 0;
			defaultConfigurationName = Release;
		};
		83CAA48C266F187B001C07F8 /* Build configuration list for PBXNativeTarget "ButtonReposition" */ = {
			isa = XCConfigurationList;
			buildConfigurations = (
				83CAA48D266F187B001C07F8 /* Debug */,
				83CAA48E266F187B001C07F8 /* Release */,
			);
			defaultConfigurationIsVisible = 0;
			defaultConfigurationName = Release;
		};
		83CAA48F266F187B001C07F8 /* Build configuration list for PBXNativeTarget "ButtonRepositionTests" */ = {
			isa = XCConfigurationList;
			buildConfigurations = (
				83CAA490266F187B001C07F8 /* Debug */,
				83CAA491266F187B001C07F8 /* Release */,
			);
			defaultConfigurationIsVisible = 0;
			defaultConfigurationName = Release;
		};
		83CAA492266F187B001C07F8 /* Build configuration list for PBXNativeTarget "ButtonRepositionUITests" */ = {
			isa = XCConfigurationList;
			buildConfigurations = (
				83CAA493266F187B001C07F8 /* Debug */,
				83CAA494266F187B001C07F8 /* Release */,
			);
			defaultConfigurationIsVisible = 0;
			defaultConfigurationName = Release;
		};
/* End XCConfigurationList section */
	};
	rootObject = 83CAA45A266F187A001C07F8 /* Project object */;
}
